
Microsoft Visual Studio Solution File, Format Version 12.00
# Visual Studio Version 17
VisualStudioVersion = 17.9.34728.123
MinimumVisualStudioVersion = 10.0.40219.1
Project("{FAE04EC0-301F-11D3-BF4B-00C04F79EFBC}") = "Demo-Encapsulation", "Demo-Encapsulation\Demo-Encapsulation.csproj", "{DEAA6E67-A9A6-4DA8-AAFD-48A81E4052A1}"
EndProject
Project("{FAE04EC0-301F-11D3-BF4B-00C04F79EFBC}") = "Demo-Indexeur", "Demo-Indexeur\Demo-Indexeur.csproj", "{72910D2E-803D-4E92-B6CD-790464F6386A}"
EndProject
Project("{FAE04EC0-301F-11D3-BF4B-00C04F79EFBC}") = "Demo-Indexeur-Cartes", "Demo-Indexeur-Cartes\Demo-Indexeur-Cartes.csproj", "{4023BA7C-AFF5-411E-A4D4-EC1BDF0C7F84}"
EndProject
Project("{FAE04EC0-301F-11D3-BF4B-00C04F79EFBC}") = "Demo-SurchargeOperateur", "Demo-SurchargeOperateur\Demo-SurchargeOperateur.csproj", "{323AAC03-3FC0-486A-9238-370EFF81698B}"
EndProject
Project("{FAE04EC0-301F-11D3-BF4B-00C04F79EFBC}") = "Demo-SurchargeOperateur-Casting", "Demo-SurchargeOperateur-Casting\Demo-SurchargeOperateur-Casting.csproj", "{84965F45-6C9D-4DF1-9DF5-2060226C738D}"
EndProject
Global
	GlobalSection(SolutionConfigurationPlatforms) = preSolution
		Debug|Any CPU = Debug|Any CPU
		Release|Any CPU = Release|Any CPU
	EndGlobalSection
	GlobalSection(ProjectConfigurationPlatforms) = postSolution
		{DEAA6E67-A9A6-4DA8-AAFD-48A81E4052A1}.Debug|Any CPU.ActiveCfg = Debug|Any CPU
		{DEAA6E67-A9A6-4DA8-AAFD-48A81E4052A1}.Debug|Any CPU.Build.0 = Debug|Any CPU
		{DEAA6E67-A9A6-4DA8-AAFD-48A81E4052A1}.Release|Any CPU.ActiveCfg = Release|Any CPU
		{DEAA6E67-A9A6-4DA8-AAFD-48A81E4052A1}.Release|Any CPU.Build.0 = Release|Any CPU
		{72910D2E-803D-4E92-B6CD-790464F6386A}.Debug|Any CPU.ActiveCfg = Debug|Any CPU
		{72910D2E-803D-4E92-B6CD-790464F6386A}.Debug|Any CPU.Build.0 = Debug|Any CPU
		{72910D2E-803D-4E92-B6CD-790464F6386A}.Release|Any CPU.ActiveCfg = Release|Any CPU
		{72910D2E-803D-4E92-B6CD-790464F6386A}.Release|Any CPU.Build.0 = Release|Any CPU
		{4023BA7C-AFF5-411E-A4D4-EC1BDF0C7F84}.Debug|Any CPU.ActiveCfg = Debug|Any CPU
		{4023BA7C-AFF5-411E-A4D4-EC1BDF0C7F84}.Debug|Any CPU.Build.0 = Debug|Any CPU
		{4023BA7C-AFF5-411E-A4D4-EC1BDF0C7F84}.Release|Any CPU.ActiveCfg = Release|Any CPU
		{4023BA7C-AFF5-411E-A4D4-EC1BDF0C7F84}.Release|Any CPU.Build.0 = Release|Any CPU
		{323AAC03-3FC0-486A-9238-370EFF81698B}.Debug|Any CPU.ActiveCfg = Debug|Any CPU
		{323AAC03-3FC0-486A-9238-370EFF81698B}.Debug|Any CPU.Build.0 = Debug|Any CPU
		{323AAC03-3FC0-486A-9238-370EFF81698B}.Release|Any CPU.ActiveCfg = Release|Any CPU
		{323AAC03-3FC0-486A-9238-370EFF81698B}.Release|Any CPU.Build.0 = Release|Any CPU
		{84965F45-6C9D-4DF1-9DF5-2060226C738D}.Debug|Any CPU.ActiveCfg = Debug|Any CPU
		{84965F45-6C9D-4DF1-9DF5-2060226C738D}.Debug|Any CPU.Build.0 = Debug|Any CPU
		{84965F45-6C9D-4DF1-9DF5-2060226C738D}.Release|Any CPU.ActiveCfg = Release|Any CPU
		{84965F45-6C9D-4DF1-9DF5-2060226C738D}.Release|Any CPU.Build.0 = Release|Any CPU
	EndGlobalSection
	GlobalSection(SolutionProperties) = preSolution
		HideSolutionNode = FALSE
	EndGlobalSection
	GlobalSection(ExtensibilityGlobals) = postSolution
		SolutionGuid = {66C45CCF-7A50-465B-B32F-51F3603B683F}
	EndGlobalSection
EndGlobal
